
Microsoft Visual Studio Solution File, Format Version 12.00
# Visual Studio Version 17
VisualStudioVersion = 17.11.35222.181
MinimumVisualStudioVersion = 10.0.40219.1
Project("{9A19103F-16F7-4668-BE54-9A1E7A4F7556}") = "SeriesServiceApi", "SeriesServiceApi\SeriesServiceApi.csproj", "{960FBDF7-F876-429E-B368-BBFBEF3D8D43}"
	ProjectSection(ProjectDependencies) = postProject
		{2AD72A51-9A64-4238-88D2-DA97E562E3A6} = {2AD72A51-9A64-4238-88D2-DA97E562E3A6}
		{9653E849-54AC-4EF4-A7B3-30F9A9BEA4D8} = {9653E849-54AC-4EF4-A7B3-30F9A9BEA4D8}
		{B1395267-8948-435C-A232-876D78A7398A} = {B1395267-8948-435C-A232-876D78A7398A}
		{E46D81EE-FE8E-4049-96A0-210E48EBF3F6} = {E46D81EE-FE8E-4049-96A0-210E48EBF3F6}
	EndProjectSection
EndProject
Project("{FAE04EC0-301F-11D3-BF4B-00C04F79EFBC}") = "Abstraction", "Abstraction\Abstraction.csproj", "{2AD72A51-9A64-4238-88D2-DA97E562E3A6}"
EndProject
Project("{FAE04EC0-301F-11D3-BF4B-00C04F79EFBC}") = "BLL", "BLL\BLL.csproj", "{B1395267-8948-435C-A232-876D78A7398A}"
EndProject
Project("{FAE04EC0-301F-11D3-BF4B-00C04F79EFBC}") = "DAL", "DAL\DAL.csproj", "{E46D81EE-FE8E-4049-96A0-210E48EBF3F6}"
EndProject
Project("{FAE04EC0-301F-11D3-BF4B-00C04F79EFBC}") = "Models", "Models\Models.csproj", "{9653E849-54AC-4EF4-A7B3-30F9A9BEA4D8}"
EndProject
Project("{FAE04EC0-301F-11D3-BF4B-00C04F79EFBC}") = "Common", "Common\Common.csproj", "{BC44926B-DF75-4688-BCAC-D343A0724205}"
EndProject
Global
	GlobalSection(SolutionConfigurationPlatforms) = preSolution
		Debug|Any CPU = Debug|Any CPU
		Debug|x64 = Debug|x64
		Debug|x86 = Debug|x86
		Release|Any CPU = Release|Any CPU
		Release|x64 = Release|x64
		Release|x86 = Release|x86
	EndGlobalSection
	GlobalSection(ProjectConfigurationPlatforms) = postSolution
		{960FBDF7-F876-429E-B368-BBFBEF3D8D43}.Debug|Any CPU.ActiveCfg = Debug|Any CPU
		{960FBDF7-F876-429E-B368-BBFBEF3D8D43}.Debug|Any CPU.Build.0 = Debug|Any CPU
		{960FBDF7-F876-429E-B368-BBFBEF3D8D43}.Debug|x64.ActiveCfg = Debug|Any CPU
		{960FBDF7-F876-429E-B368-BBFBEF3D8D43}.Debug|x64.Build.0 = Debug|Any CPU
		{960FBDF7-F876-429E-B368-BBFBEF3D8D43}.Debug|x86.ActiveCfg = Debug|Any CPU
		{960FBDF7-F876-429E-B368-BBFBEF3D8D43}.Debug|x86.Build.0 = Debug|Any CPU
		{960FBDF7-F876-429E-B368-BBFBEF3D8D43}.Release|Any CPU.ActiveCfg = Release|Any CPU
		{960FBDF7-F876-429E-B368-BBFBEF3D8D43}.Release|Any CPU.Build.0 = Release|Any CPU
		{960FBDF7-F876-429E-B368-BBFBEF3D8D43}.Release|x64.ActiveCfg = Release|Any CPU
		{960FBDF7-F876-429E-B368-BBFBEF3D8D43}.Release|x64.Build.0 = Release|Any CPU
		{960FBDF7-F876-429E-B368-BBFBEF3D8D43}.Release|x86.ActiveCfg = Release|Any CPU
		{960FBDF7-F876-429E-B368-BBFBEF3D8D43}.Release|x86.Build.0 = Release|Any CPU
		{2AD72A51-9A64-4238-88D2-DA97E562E3A6}.Debug|Any CPU.ActiveCfg = Debug|Any CPU
		{2AD72A51-9A64-4238-88D2-DA97E562E3A6}.Debug|Any CPU.Build.0 = Debug|Any CPU
		{2AD72A51-9A64-4238-88D2-DA97E562E3A6}.Debug|x64.ActiveCfg = Debug|Any CPU
		{2AD72A51-9A64-4238-88D2-DA97E562E3A6}.Debug|x64.Build.0 = Debug|Any CPU
		{2AD72A51-9A64-4238-88D2-DA97E562E3A6}.Debug|x86.ActiveCfg = Debug|Any CPU
		{2AD72A51-9A64-4238-88D2-DA97E562E3A6}.Debug|x86.Build.0 = Debug|Any CPU
		{2AD72A51-9A64-4238-88D2-DA97E562E3A6}.Release|Any CPU.ActiveCfg = Release|Any CPU
		{2AD72A51-9A64-4238-88D2-DA97E562E3A6}.Release|Any CPU.Build.0 = Release|Any CPU
		{2AD72A51-9A64-4238-88D2-DA97E562E3A6}.Release|x64.ActiveCfg = Release|Any CPU
		{2AD72A51-9A64-4238-88D2-DA97E562E3A6}.Release|x64.Build.0 = Release|Any CPU
		{2AD72A51-9A64-4238-88D2-DA97E562E3A6}.Release|x86.ActiveCfg = Release|Any CPU
		{2AD72A51-9A64-4238-88D2-DA97E562E3A6}.Release|x86.Build.0 = Release|Any CPU
		{B1395267-8948-435C-A232-876D78A7398A}.Debug|Any CPU.ActiveCfg = Debug|Any CPU
		{B1395267-8948-435C-A232-876D78A7398A}.Debug|Any CPU.Build.0 = Debug|Any CPU
		{B1395267-8948-435C-A232-876D78A7398A}.Debug|x64.ActiveCfg = Debug|Any CPU
		{B1395267-8948-435C-A232-876D78A7398A}.Debug|x64.Build.0 = Debug|Any CPU
		{B1395267-8948-435C-A232-876D78A7398A}.Debug|x86.ActiveCfg = Debug|Any CPU
		{B1395267-8948-435C-A232-876D78A7398A}.Debug|x86.Build.0 = Debug|Any CPU
		{B1395267-8948-435C-A232-876D78A7398A}.Release|Any CPU.ActiveCfg = Release|Any CPU
		{B1395267-8948-435C-A232-876D78A7398A}.Release|Any CPU.Build.0 = Release|Any CPU
		{B1395267-8948-435C-A232-876D78A7398A}.Release|x64.ActiveCfg = Release|Any CPU
		{B1395267-8948-435C-A232-876D78A7398A}.Release|x64.Build.0 = Release|Any CPU
		{B1395267-8948-435C-A232-876D78A7398A}.Release|x86.ActiveCfg = Release|Any CPU
		{B1395267-8948-435C-A232-876D78A7398A}.Release|x86.Build.0 = Release|Any CPU
		{E46D81EE-FE8E-4049-96A0-210E48EBF3F6}.Debug|Any CPU.ActiveCfg = Debug|Any CPU
		{E46D81EE-FE8E-4049-96A0-210E48EBF3F6}.Debug|Any CPU.Build.0 = Debug|Any CPU
		{E46D81EE-FE8E-4049-96A0-210E48EBF3F6}.Debug|x64.ActiveCfg = Debug|Any CPU
		{E46D81EE-FE8E-4049-96A0-210E48EBF3F6}.Debug|x64.Build.0 = Debug|Any CPU
		{E46D81EE-FE8E-4049-96A0-210E48EBF3F6}.Debug|x86.ActiveCfg = Debug|Any CPU
		{E46D81EE-FE8E-4049-96A0-210E48EBF3F6}.Debug|x86.Build.0 = Debug|Any CPU
		{E46D81EE-FE8E-4049-96A0-210E48EBF3F6}.Release|Any CPU.ActiveCfg = Release|Any CPU
		{E46D81EE-FE8E-4049-96A0-210E48EBF3F6}.Release|Any CPU.Build.0 = Release|Any CPU
		{E46D81EE-FE8E-4049-96A0-210E48EBF3F6}.Release|x64.ActiveCfg = Release|Any CPU
		{E46D81EE-FE8E-4049-96A0-210E48EBF3F6}.Release|x64.Build.0 = Release|Any CPU
		{E46D81EE-FE8E-4049-96A0-210E48EBF3F6}.Release|x86.ActiveCfg = Release|Any CPU
		{E46D81EE-FE8E-4049-96A0-210E48EBF3F6}.Release|x86.Build.0 = Release|Any CPU
		{9653E849-54AC-4EF4-A7B3-30F9A9BEA4D8}.Debug|Any CPU.ActiveCfg = Debug|Any CPU
		{9653E849-54AC-4EF4-A7B3-30F9A9BEA4D8}.Debug|Any CPU.Build.0 = Debug|Any CPU
		{9653E849-54AC-4EF4-A7B3-30F9A9BEA4D8}.Debug|x64.ActiveCfg = Debug|Any CPU
		{9653E849-54AC-4EF4-A7B3-30F9A9BEA4D8}.Debug|x64.Build.0 = Debug|Any CPU
		{9653E849-54AC-4EF4-A7B3-30F9A9BEA4D8}.Debug|x86.ActiveCfg = Debug|Any CPU
		{9653E849-54AC-4EF4-A7B3-30F9A9BEA4D8}.Debug|x86.Build.0 = Debug|Any CPU
		{9653E849-54AC-4EF4-A7B3-30F9A9BEA4D8}.Release|Any CPU.ActiveCfg = Release|Any CPU
		{9653E849-54AC-4EF4-A7B3-30F9A9BEA4D8}.Release|Any CPU.Build.0 = Release|Any CPU
		{9653E849-54AC-4EF4-A7B3-30F9A9BEA4D8}.Release|x64.ActiveCfg = Release|Any CPU
		{9653E849-54AC-4EF4-A7B3-30F9A9BEA4D8}.Release|x64.Build.0 = Release|Any CPU
		{9653E849-54AC-4EF4-A7B3-30F9A9BEA4D8}.Release|x86.ActiveCfg = Release|Any CPU
		{9653E849-54AC-4EF4-A7B3-30F9A9BEA4D8}.Release|x86.Build.0 = Release|Any CPU
		{BC44926B-DF75-4688-BCAC-D343A0724205}.Debug|Any CPU.ActiveCfg = Debug|Any CPU
		{BC44926B-DF75-4688-BCAC-D343A0724205}.Debug|Any CPU.Build.0 = Debug|Any CPU
		{BC44926B-DF75-4688-BCAC-D343A0724205}.Debug|x64.ActiveCfg = Debug|Any CPU
		{BC44926B-DF75-4688-BCAC-D343A0724205}.Debug|x64.Build.0 = Debug|Any CPU
		{BC44926B-DF75-4688-BCAC-D343A0724205}.Debug|x86.ActiveCfg = Debug|Any CPU
		{BC44926B-DF75-4688-BCAC-D343A0724205}.Debug|x86.Build.0 = Debug|Any CPU
		{BC44926B-DF75-4688-BCAC-D343A0724205}.Release|Any CPU.ActiveCfg = Release|Any CPU
		{BC44926B-DF75-4688-BCAC-D343A0724205}.Release|Any CPU.Build.0 = Release|Any CPU
		{BC44926B-DF75-4688-BCAC-D343A0724205}.Release|x64.ActiveCfg = Release|Any CPU
		{BC44926B-DF75-4688-BCAC-D343A0724205}.Release|x64.Build.0 = Release|Any CPU
		{BC44926B-DF75-4688-BCAC-D343A0724205}.Release|x86.ActiveCfg = Release|Any CPU
		{BC44926B-DF75-4688-BCAC-D343A0724205}.Release|x86.Build.0 = Release|Any CPU
	EndGlobalSection
	GlobalSection(SolutionProperties) = preSolution
		HideSolutionNode = FALSE
	EndGlobalSection
	GlobalSection(ExtensibilityGlobals) = postSolution
		SolutionGuid = {122DEDCF-4493-440E-A1BE-5F52F0DC1751}
	EndGlobalSection
EndGlobal
